<?xml version="1.0" encoding="utf-8"?>
<Project ToolsVersion="4.0" xmlns="http://schemas.microsoft.com/developer/msbuild/2003">
  <ItemGroup>
    <Filter Include="Source Files">
      <UniqueIdentifier>{4FC737F1-C7A5-4376-A066-2A32D752A2FF}</UniqueIdentifier>
      <Extensions>cpp;c;cc;cxx;def;odl;idl;hpj;bat;asm;asmx</Extensions>
    </Filter>
    <Filter Include="Header Files">
      <UniqueIdentifier>{93995380-89BD-4b04-88EB-625FBE52EBFB}</UniqueIdentifier>
      <Extensions>h;hh;hpp;hxx;hm;inl;inc;xsd</Extensions>
    </Filter>
    <Filter Include="Resource Files">
      <UniqueIdentifier>{67DA6AB6-F800-4c08-8B7A-83BB121AAD01}</UniqueIdentifier>
      <Extensions>rc;ico;cur;bmp;dlg;rc2;rct;bin;rgs;gif;jpg;jpeg;jpe;resx;tiff;tif;png;wav</Extensions>
    </Filter>
  </ItemGroup>
  <ItemGroup>
    <ClCompile Include="src\Framework.cpp">
      <Filter>Source Files</Filter>
    </ClCompile>
    <ClCompile Include="src\codec\RangeCoder.cpp">
      <Filter>Source Files</Filter>
    </ClCompile>
    <ClCompile Include="src\crypt\SecureCompare.cpp">
      <Filter>Source Files</Filter>
    </ClCompile>
    <ClCompile Include="src\crypt\cookie\CookieJar.cpp">
      <Filter>Source Files</Filter>
    </ClCompile>
    <ClCompile Include="src\crypt\hash\HMAC_MD5.cpp">
      <Filter>Source Files</Filter>
    </ClCompile>
    <ClCompile Include="src\crypt\hash\Skein.cpp">
      <Filter>Source Files</Filter>
    </ClCompile>
    <ClCompile Include="src\crypt\hash\Skein256.cpp">
      <Filter>Source Files</Filter>
    </ClCompile>
    <ClCompile Include="src\crypt\hash\Skein512.cpp">
      <Filter>Source Files</Filter>
    </ClCompile>
    <ClCompile Include="src\crypt\pass\Passwords.cpp">
      <Filter>Source Files</Filter>
    </ClCompile>
    <ClCompile Include="src\crypt\privatekey\ChaCha.cpp">
      <Filter>Source Files</Filter>
    </ClCompile>
    <ClCompile Include="src\crypt\rand\EntropyGeneric.cpp">
      <Filter>Source Files</Filter>
    </ClCompile>
    <ClCompile Include="src\crypt\rand\EntropyLinux.cpp">
      <Filter>Source Files</Filter>
    </ClCompile>
    <ClCompile Include="src\crypt\rand\EntropyWindows.cpp">
      <Filter>Source Files</Filter>
    </ClCompile>
    <ClCompile Include="src\crypt\rand\EntropyWindowsCE.cpp">
      <Filter>Source Files</Filter>
    </ClCompile>
    <ClCompile Include="src\crypt\rand\Fortuna.cpp">
      <Filter>Source Files</Filter>
    </ClCompile>
    <ClCompile Include="src\crypt\tunnel\AuthenticatedEncryption.cpp">
      <Filter>Source Files</Filter>
    </ClCompile>
    <ClCompile Include="src\crypt\tunnel\EasyHandshake.cpp">
      <Filter>Source Files</Filter>
    </ClCompile>
    <ClCompile Include="src\crypt\tunnel\KeyAgreement.cpp">
      <Filter>Source Files</Filter>
    </ClCompile>
    <ClCompile Include="src\crypt\tunnel\KeyAgreementInitiator.cpp">
      <Filter>Source Files</Filter>
    </ClCompile>
    <ClCompile Include="src\crypt\tunnel\KeyAgreementResponder.cpp">
      <Filter>Source Files</Filter>
    </ClCompile>
    <ClCompile Include="src\crypt\tunnel\KeyMaker.cpp">
      <Filter>Source Files</Filter>
    </ClCompile>
    <ClCompile Include="src\db\BombayTable.cpp">
      <Filter>Source Files</Filter>
    </ClCompile>
    <ClCompile Include="src\db\BombayTableIndex.cpp">
      <Filter>Source Files</Filter>
    </ClCompile>
    <ClCompile Include="src\gfx\Matrix.cpp">
      <Filter>Source Files</Filter>
    </ClCompile>
    <ClCompile Include="src\gfx\Quaternion.cpp">
      <Filter>Source Files</Filter>
    </ClCompile>
    <ClCompile Include="src\gfx\Scalar.cpp">
      <Filter>Source Files</Filter>
    </ClCompile>
    <ClCompile Include="src\gfx\Vector.cpp">
      <Filter>Source Files</Filter>
    </ClCompile>
    <ClCompile Include="src\hash\MurmurHash2.cpp">
      <Filter>Source Files</Filter>
    </ClCompile>
    <ClCompile Include="src\io\Base64.cpp">
      <Filter>Source Files</Filter>
    </ClCompile>
    <ClCompile Include="src\io\Logging.cpp">
      <Filter>Source Files</Filter>
    </ClCompile>
    <ClCompile Include="src\io\MMapFile.cpp">
      <Filter>Source Files</Filter>
    </ClCompile>
    <ClCompile Include="src\io\Settings.cpp">
      <Filter>Source Files</Filter>
    </ClCompile>
    <ClCompile Include="src\io\ThreadPoolFiles.cpp">
      <Filter>Source Files</Filter>
    </ClCompile>
    <ClCompile Include="src\lang\Strings.cpp">
      <Filter>Source Files</Filter>
    </ClCompile>
    <ClCompile Include="src\math\BigMontgomery.cpp">
      <Filter>Source Files</Filter>
    </ClCompile>
    <ClCompile Include="src\math\BigPseudoMersenne.cpp">
      <Filter>Source Files</Filter>
    </ClCompile>
    <ClCompile Include="src\math\BigRTL.cpp">
      <Filter>Source Files</Filter>
    </ClCompile>
    <ClCompile Include="src\math\BigTwistedEdwards.cpp">
      <Filter>Source Files</Filter>
    </ClCompile>
    <ClCompile Include="src\math\edward\addsub\PtAdd.cpp">
      <Filter>Source Files</Filter>
    </ClCompile>
    <ClCompile Include="src\math\edward\addsub\PtDouble.cpp">
      <Filter>Source Files</Filter>
    </ClCompile>
    <ClCompile Include="src\math\edward\addsub\PtDoubleZ1.cpp">
      <Filter>Source Files</Filter>
    </ClCompile>
    <ClCompile Include="src\math\edward\addsub\PtNegate.cpp">
      <Filter>Source Files</Filter>
    </ClCompile>
    <ClCompile Include="src\math\edward\addsub\PtSubtract.cpp">
      <Filter>Source Files</Filter>
    </ClCompile>
    <ClCompile Include="src\math\edward\io\PtFillRandomX.cpp">
      <Filter>Source Files</Filter>
    </ClCompile>
    <ClCompile Include="src\math\edward\io\PtGenerate.cpp">
      <Filter>Source Files</Filter>
    </ClCompile>
    <ClCompile Include="src\math\edward\io\PtNormalize.cpp">
      <Filter>Source Files</Filter>
    </ClCompile>
    <ClCompile Include="src\math\edward\io\PtSolveAffineY.cpp">
      <Filter>Source Files</Filter>
    </ClCompile>
    <ClCompile Include="src\math\edward\io\PtValidAffine.cpp">
      <Filter>Source Files</Filter>
    </ClCompile>
    <ClCompile Include="src\math\edward\io\SaveAffineX.cpp">
      <Filter>Source Files</Filter>
    </ClCompile>
    <ClCompile Include="src\math\edward\io\SaveAffineXY.cpp">
      <Filter>Source Files</Filter>
    </ClCompile>
    <ClCompile Include="src\math\edward\mul\PtMultiply.cpp">
      <Filter>Source Files</Filter>
    </ClCompile>
    <ClCompile Include="src\math\edward\mul\PtMultiplyPrecomp.cpp">
      <Filter>Source Files</Filter>
    </ClCompile>
    <ClCompile Include="src\math\edward\mul\PtPrecompAddSub.cpp">
      <Filter>Source Files</Filter>
    </ClCompile>
    <ClCompile Include="src\math\edward\mul\RefMul.cpp">
      <Filter>Source Files</Filter>
    </ClCompile>
    <ClCompile Include="src\math\mersenne\addsub\MrAdd.cpp">
      <Filter>Source Files</Filter>
    </ClCompile>
    <ClCompile Include="src\math\mersenne\addsub\MrNegate.cpp">
      <Filter>Source Files</Filter>
    </ClCompile>
    <ClCompile Include="src\math\mersenne\addsub\MrSubtract.cpp">
      <Filter>Source Files</Filter>
    </ClCompile>
    <ClCompile Include="src\math\mersenne\expm\MrInvert.cpp">
      <Filter>Source Files</Filter>
    </ClCompile>
    <ClCompile Include="src\math\mersenne\expm\MrSquareRoot.cpp">
      <Filter>Source Files</Filter>
    </ClCompile>
    <ClCompile Include="src\math\mersenne\mul\MrMultiply.cpp">
      <Filter>Source Files</Filter>
    </ClCompile>
    <ClCompile Include="src\math\mersenne\mul\MrMultiplyX.cpp">
      <Filter>Source Files</Filter>
    </ClCompile>
    <ClCompile Include="src\math\mersenne\mul\MrSquare.cpp">
      <Filter>Source Files</Filter>
    </ClCompile>
    <ClCompile Include="src\math\mersenne\reduce\MrReduce.cpp">
      <Filter>Source Files</Filter>
    </ClCompile>
    <ClCompile Include="src\math\mersenne\reduce\MrReduceProduct.cpp">
      <Filter>Source Files</Filter>
    </ClCompile>
    <ClCompile Include="src\math\montgomery\addsub\MonAdd.cpp">
      <Filter>Source Files</Filter>
    </ClCompile>
    <ClCompile Include="src\math\montgomery\addsub\MonNegate.cpp">
      <Filter>Source Files</Filter>
    </ClCompile>
    <ClCompile Include="src\math\montgomery\addsub\MonSubtract.cpp">
      <Filter>Source Files</Filter>
    </ClCompile>
    <ClCompile Include="src\math\montgomery\expm\IsRabinMillerPrime.cpp">
      <Filter>Source Files</Filter>
    </ClCompile>
    <ClCompile Include="src\math\montgomery\expm\MonExpMod.cpp">
      <Filter>Source Files</Filter>
    </ClCompile>
    <ClCompile Include="src\math\montgomery\mul\MonMultiply.cpp">
      <Filter>Source Files</Filter>
    </ClCompile>
    <ClCompile Include="src\math\montgomery\mul\MonSquare.cpp">
      <Filter>Source Files</Filter>
    </ClCompile>
    <ClCompile Include="src\math\montgomery\reduce\MonInput.cpp">
      <Filter>Source Files</Filter>
    </ClCompile>
    <ClCompile Include="src\math\montgomery\reduce\MonOutput.cpp">
      <Filter>Source Files</Filter>
    </ClCompile>
    <ClCompile Include="src\math\montgomery\reduce\MonReduceProduct.cpp">
      <Filter>Source Files</Filter>
    </ClCompile>
    <ClCompile Include="src\math\rtl\addsub\Add.cpp">
      <Filter>Source Files</Filter>
    </ClCompile>
    <ClCompile Include="src\math\rtl\addsub\Add1.cpp">
      <Filter>Source Files</Filter>
    </ClCompile>
    <ClCompile Include="src\math\rtl\addsub\AddX.cpp">
      <Filter>Source Files</Filter>
    </ClCompile>
    <ClCompile Include="src\math\rtl\addsub\Compare.cpp">
      <Filter>Source Files</Filter>
    </ClCompile>
    <ClCompile Include="src\math\rtl\addsub\Double.cpp">
      <Filter>Source Files</Filter>
    </ClCompile>
    <ClCompile Include="src\math\rtl\addsub\DoubleAdd.cpp">
      <Filter>Source Files</Filter>
    </ClCompile>
    <ClCompile Include="src\math\rtl\addsub\Negate.cpp">
      <Filter>Source Files</Filter>
    </ClCompile>
    <ClCompile Include="src\math\rtl\addsub\Shift.cpp">
      <Filter>Source Files</Filter>
    </ClCompile>
    <ClCompile Include="src\math\rtl\addsub\Subtract.cpp">
      <Filter>Source Files</Filter>
    </ClCompile>
    <ClCompile Include="src\math\rtl\addsub\SubtractX.cpp">
      <Filter>Source Files</Filter>
    </ClCompile>
    <ClCompile Include="src\math\rtl\div\Divide.cpp">
      <Filter>Source Files</Filter>
    </ClCompile>
    <ClCompile Include="src\math\rtl\div\DivideAsm64.cpp">
      <Filter>Source Files</Filter>
    </ClCompile>
    <ClCompile Include="src\math\rtl\div\DivideGeneric.cpp">
      <Filter>Source Files</Filter>
    </ClCompile>
    <ClCompile Include="src\math\rtl\div\ModularInverse.cpp">
      <Filter>Source Files</Filter>
    </ClCompile>
    <ClCompile Include="src\math\rtl\div\MulMod.cpp">
      <Filter>Source Files</Filter>
    </ClCompile>
    <ClCompile Include="src\math\rtl\div\MultiplicativeInverse.cpp">
      <Filter>Source Files</Filter>
    </ClCompile>
    <ClCompile Include="src\math\rtl\io\Load.cpp">
      <Filter>Source Files</Filter>
    </ClCompile>
    <ClCompile Include="src\math\rtl\io\LoadString.cpp">
      <Filter>Source Files</Filter>
    </ClCompile>
    <ClCompile Include="src\math\rtl\io\Save.cpp">
      <Filter>Source Files</Filter>
    </ClCompile>
    <ClCompile Include="src\math\rtl\mul\CombaMul.cpp">
      <Filter>Source Files</Filter>
    </ClCompile>
    <ClCompile Include="src\math\rtl\mul\Multiply.cpp">
      <Filter>Source Files</Filter>
    </ClCompile>
    <ClCompile Include="src\math\rtl\mul\MultiplyX.cpp">
      <Filter>Source Files</Filter>
    </ClCompile>
    <ClCompile Include="src\math\rtl\mul\MultiplyXAdd.cpp">
      <Filter>Source Files</Filter>
    </ClCompile>
    <ClCompile Include="src\math\rtl\mul\Square.cpp">
      <Filter>Source Files</Filter>
    </ClCompile>
    <ClCompile Include="src\net\DNSClient.cpp">
      <Filter>Source Files</Filter>
    </ClCompile>
    <ClCompile Include="src\net\Sockets.cpp">
      <Filter>Source Files</Filter>
    </ClCompile>
    <ClCompile Include="src\net\SphynxClient.cpp">
      <Filter>Source Files</Filter>
    </ClCompile>
    <ClCompile Include="src\net\SphynxServer.cpp">
      <Filter>Source Files</Filter>
    </ClCompile>
    <ClCompile Include="src\net\SphynxTransport.cpp">
      <Filter>Source Files</Filter>
    </ClCompile>
    <ClCompile Include="src\net\ThreadPoolSockets.cpp">
      <Filter>Source Files</Filter>
    </ClCompile>
    <ClCompile Include="src\net\win\TCPClient.cpp">
      <Filter>Source Files</Filter>
    </ClCompile>
    <ClCompile Include="src\net\win\TCPConnexion.cpp">
      <Filter>Source Files</Filter>
    </ClCompile>
    <ClCompile Include="src\net\win\TCPServer.cpp">
      <Filter>Source Files</Filter>
    </ClCompile>
    <ClCompile Include="src\net\win\UDPEndpoint.cpp">
      <Filter>Source Files</Filter>
    </ClCompile>
    <ClCompile Include="src\parse\BitStream.cpp">
      <Filter>Source Files</Filter>
    </ClCompile>
    <ClCompile Include="src\parse\BufferTok.cpp">
      <Filter>Source Files</Filter>
    </ClCompile>
    <ClCompile Include="src\parse\MessageRouter.cpp">
      <Filter>Source Files</Filter>
    </ClCompile>
    <ClCompile Include="src\port\AlignedAlloc.cpp">
      <Filter>Source Files</Filter>
    </ClCompile>
    <ClCompile Include="src\port\EndianNeutral.cpp">
      <Filter>Source Files</Filter>
    </ClCompile>
    <ClCompile Include="src\rand\MersenneTwister.cpp">
      <Filter>Source Files</Filter>
    </ClCompile>
    <ClCompile Include="src\rand\StdRand.cpp">
      <Filter>Source Files</Filter>
    </ClCompile>
    <ClCompile Include="src\threads\Mutex.cpp">
      <Filter>Source Files</Filter>
    </ClCompile>
    <ClCompile Include="src\threads\RegionAllocator.cpp">
      <Filter>Source Files</Filter>
    </ClCompile>
    <ClCompile Include="src\threads\RWLock.cpp">
      <Filter>Source Files</Filter>
    </ClCompile>
    <ClCompile Include="src\threads\Thread.cpp">
      <Filter>Source Files</Filter>
    </ClCompile>
    <ClCompile Include="src\threads\ThreadPool.cpp">
      <Filter>Source Files</Filter>
    </ClCompile>
    <ClCompile Include="src\threads\WaitableFlag.cpp">
      <Filter>Source Files</Filter>
    </ClCompile>
    <ClCompile Include="src\time\Clock.cpp">
      <Filter>Source Files</Filter>
    </ClCompile>
  </ItemGroup>
  <ItemGroup>
    <None Include="src\math\big_x64_elf.asm">
      <Filter>Source Files</Filter>
    </None>
    <None Include="src\math\big_x64_mscoff.asm">
      <Filter>Source Files</Filter>
    </None>
  </ItemGroup>
  <ItemGroup>
    <ClInclude Include="AllCodec.hpp">
      <Filter>Header Files</Filter>
    </ClInclude>
    <ClInclude Include="AllCommon.hpp">
      <Filter>Header Files</Filter>
    </ClInclude>
    <ClInclude Include="AllCrypt.hpp">
      <Filter>Header Files</Filter>
    </ClInclude>
    <ClInclude Include="AllFramework.hpp">
      <Filter>Header Files</Filter>
    </ClInclude>
    <ClInclude Include="AllGraphics.hpp">
      <Filter>Header Files</Filter>
    </ClInclude>
    <ClInclude Include="AllMath.hpp">
      <Filter>Header Files</Filter>
    </ClInclude>
    <ClInclude Include="AllTunnel.hpp">
      <Filter>Header Files</Filter>
    </ClInclude>
    <ClInclude Include="Config.hpp">
      <Filter>Header Files</Filter>
    </ClInclude>
    <ClInclude Include="Platform.hpp">
      <Filter>Header Files</Filter>
    </ClInclude>
    <ClInclude Include="Singleton.hpp">
      <Filter>Header Files</Filter>
    </ClInclude>
    <ClInclude Include="asm\big_x64_asm.hpp">
      <Filter>Header Files</Filter>
    </ClInclude>
    <ClInclude Include="codec\RangeCoder.hpp">
      <Filter>Header Files</Filter>
    </ClInclude>
    <ClInclude Include="crypt\SecureCompare.hpp">
      <Filter>Header Files</Filter>
    </ClInclude>
    <ClInclude Include="crypt\cookie\CookieJar.hpp">
      <Filter>Header Files</Filter>
    </ClInclude>
    <ClInclude Include="crypt\hash\HMAC_MD5.hpp">
      <Filter>Header Files</Filter>
    </ClInclude>
    <ClInclude Include="crypt\hash\ICryptHash.hpp">
      <Filter>Header Files</Filter>
    </ClInclude>
    <ClInclude Include="crypt\hash\Skein.hpp">
      <Filter>Header Files</Filter>
    </ClInclude>
    <ClInclude Include="crypt\pass\Passwords.hpp">
      <Filter>Header Files</Filter>
    </ClInclude>
    <ClInclude Include="crypt\rand\Fortuna.hpp">
      <Filter>Header Files</Filter>
    </ClInclude>
    <ClInclude Include="crypt\symmetric\ChaCha.hpp">
      <Filter>Header Files</Filter>
    </ClInclude>
    <ClInclude Include="crypt\tunnel\AuthenticatedEncryption.hpp">
      <Filter>Header Files</Filter>
    </ClInclude>
    <ClInclude Include="crypt\tunnel\EasyHandshake.hpp">
      <Filter>Header Files</Filter>
    </ClInclude>
    <ClInclude Include="crypt\tunnel\KeyAgreement.hpp">
      <Filter>Header Files</Filter>
    </ClInclude>
    <ClInclude Include="crypt\tunnel\KeyAgreementInitiator.hpp">
      <Filter>Header Files</Filter>
    </ClInclude>
    <ClInclude Include="crypt\tunnel\KeyAgreementResponder.hpp">
      <Filter>Header Files</Filter>
    </ClInclude>
    <ClInclude Include="crypt\tunnel\KeyMaker.hpp">
      <Filter>Header Files</Filter>
    </ClInclude>
    <ClInclude Include="db\BombayTable.hpp">
      <Filter>Header Files</Filter>
    </ClInclude>
    <ClInclude Include="db\BombayTableIndex.hpp">
      <Filter>Header Files</Filter>
    </ClInclude>
    <ClInclude Include="gfx\LoadBitmap.hpp">
      <Filter>Header Files</Filter>
    </ClInclude>
    <ClInclude Include="gfx\LoadPNG.hpp">
      <Filter>Header Files</Filter>
    </ClInclude>
    <ClInclude Include="gfx\Matrix.hpp">
      <Filter>Header Files</Filter>
    </ClInclude>
    <ClInclude Include="gfx\Quaternion.hpp">
      <Filter>Header Files</Filter>
    </ClInclude>
    <ClInclude Include="gfx\Scalar.hpp">
      <Filter>Header Files</Filter>
    </ClInclude>
    <ClInclude Include="gfx\Vector.hpp">
      <Filter>Header Files</Filter>
    </ClInclude>
    <ClInclude Include="hash\MurmurHash2.hpp">
      <Filter>Header Files</Filter>
    </ClInclude>
    <ClInclude Include="io\AsyncBuffer.hpp">
      <Filter>Header Files</Filter>
    </ClInclude>
    <ClInclude Include="io\Base64.hpp">
      <Filter>Header Files</Filter>
    </ClInclude>
    <ClInclude Include="io\Logging.hpp">
      <Filter>Header Files</Filter>
    </ClInclude>
    <ClInclude Include="io\MMapFile.hpp">
      <Filter>Header Files</Filter>
    </ClInclude>
    <ClInclude Include="io\PackageManager.hpp">
      <Filter>Header Files</Filter>
    </ClInclude>
    <ClInclude Include="io\Settings.hpp">
      <Filter>Header Files</Filter>
    </ClInclude>
    <ClInclude Include="io\ThreadPoolFiles.hpp">
      <Filter>Header Files</Filter>
    </ClInclude>
    <ClInclude Include="lang\Strings.hpp">
      <Filter>Header Files</Filter>
    </ClInclude>
    <ClInclude Include="math\BigMontgomery.hpp">
      <Filter>Header Files</Filter>
    </ClInclude>
    <ClInclude Include="math\BigPseudoMersenne.hpp">
      <Filter>Header Files</Filter>
    </ClInclude>
    <ClInclude Include="math\BigRTL.hpp">
      <Filter>Header Files</Filter>
    </ClInclude>
    <ClInclude Include="math\BigTwistedEdwards.hpp">
      <Filter>Header Files</Filter>
    </ClInclude>
    <ClInclude Include="math\BitMath.hpp">
      <Filter>Header Files</Filter>
    </ClInclude>
    <ClInclude Include="math\Legs.hpp">
      <Filter>Header Files</Filter>
    </ClInclude>
    <ClInclude Include="net\DNSClient.hpp">
      <Filter>Header Files</Filter>
    </ClInclude>
    <ClInclude Include="net\Sockets.hpp">
      <Filter>Header Files</Filter>
    </ClInclude>
    <ClInclude Include="net\SphynxClient.hpp">
      <Filter>Header Files</Filter>
    </ClInclude>
    <ClInclude Include="net\SphynxCollexion.hpp">
      <Filter>Header Files</Filter>
    </ClInclude>
    <ClInclude Include="net\SphynxServer.hpp">
      <Filter>Header Files</Filter>
    </ClInclude>
    <ClInclude Include="net\SphynxTransport.hpp">
      <Filter>Header Files</Filter>
    </ClInclude>
    <ClInclude Include="net\ThreadPoolSockets.hpp">
      <Filter>Header Files</Filter>
    </ClInclude>
    <ClInclude Include="net\bsd\TCPClient.hpp">
      <Filter>Header Files</Filter>
    </ClInclude>
    <ClInclude Include="net\bsd\TCPConnection.hpp">
      <Filter>Header Files</Filter>
    </ClInclude>
    <ClInclude Include="net\bsd\TCPServer.hpp">
      <Filter>Header Files</Filter>
    </ClInclude>
    <ClInclude Include="net\bsd\UDPEndpoint.hpp">
      <Filter>Header Files</Filter>
    </ClInclude>
    <ClInclude Include="net\generic\TCPClient.hpp">
      <Filter>Header Files</Filter>
    </ClInclude>
    <ClInclude Include="net\generic\TCPConnection.hpp">
      <Filter>Header Files</Filter>
    </ClInclude>
    <ClInclude Include="net\generic\TCPServer.hpp">
      <Filter>Header Files</Filter>
    </ClInclude>
    <ClInclude Include="net\generic\UDPEndpoint.hpp">
      <Filter>Header Files</Filter>
    </ClInclude>
    <ClInclude Include="net\linux\TCPClient.hpp">
      <Filter>Header Files</Filter>
    </ClInclude>
    <ClInclude Include="net\linux\TCPConnection.hpp">
      <Filter>Header Files</Filter>
    </ClInclude>
    <ClInclude Include="net\linux\TCPServer.hpp">
      <Filter>Header Files</Filter>
    </ClInclude>
    <ClInclude Include="net\linux\UDPEndpoint.hpp">
      <Filter>Header Files</Filter>
    </ClInclude>
    <ClInclude Include="net\win\TCPClient.hpp">
      <Filter>Header Files</Filter>
    </ClInclude>
    <ClInclude Include="net\win\TCPConnection.hpp">
      <Filter>Header Files</Filter>
    </ClInclude>
    <ClInclude Include="net\win\TCPConnexion.hpp">
      <Filter>Header Files</Filter>
    </ClInclude>
    <ClInclude Include="net\win\TCPServer.hpp">
      <Filter>Header Files</Filter>
    </ClInclude>
    <ClInclude Include="net\win\UDPEndpoint.hpp">
      <Filter>Header Files</Filter>
    </ClInclude>
    <ClInclude Include="parse\FastDelegate.h">
      <Filter>Header Files</Filter>
    </ClInclude>
    <ClInclude Include="parse\BitStream.hpp">
      <Filter>Header Files</Filter>
    </ClInclude>
    <ClInclude Include="parse\BufferStream.hpp">
      <Filter>Header Files</Filter>
    </ClInclude>
    <ClInclude Include="parse\BufferTok.hpp">
      <Filter>Header Files</Filter>
    </ClInclude>
    <ClInclude Include="parse\MessageRouter.hpp">
      <Filter>Header Files</Filter>
    </ClInclude>
    <ClInclude Include="port\AlignedAlloc.hpp">
      <Filter>Header Files</Filter>
    </ClInclude>
    <ClInclude Include="port\EndianNeutral.hpp">
      <Filter>Header Files</Filter>
    </ClInclude>
    <ClInclude Include="port\WindowsInclude.hpp">
      <Filter>Header Files</Filter>
    </ClInclude>
    <ClInclude Include="rand\IRandom.hpp">
      <Filter>Header Files</Filter>
    </ClInclude>
    <ClInclude Include="rand\MersenneTwister.hpp">
      <Filter>Header Files</Filter>
    </ClInclude>
    <ClInclude Include="rand\StdRand.hpp">
      <Filter>Header Files</Filter>
    </ClInclude>
    <ClInclude Include="threads\Atomic.hpp">
      <Filter>Header Files</Filter>
    </ClInclude>
    <ClInclude Include="threads\LocklessFIFO.hpp">
      <Filter>Header Files</Filter>
    </ClInclude>
    <ClInclude Include="threads\Mutex.hpp">
      <Filter>Header Files</Filter>
    </ClInclude>
    <ClInclude Include="threads\RegionAllocator.hpp">
      <Filter>Header Files</Filter>
    </ClInclude>
    <ClInclude Include="threads\RWLock.hpp">
      <Filter>Header Files</Filter>
    </ClInclude>
    <ClInclude Include="threads\Thread.hpp">
      <Filter>Header Files</Filter>
    </ClInclude>
    <ClInclude Include="threads\ThreadPool.hpp">
      <Filter>Header Files</Filter>
    </ClInclude>
    <ClInclude Include="threads\WaitableFlag.hpp">
      <Filter>Header Files</Filter>
    </ClInclude>
    <ClInclude Include="time\Clock.hpp">
      <Filter>Header Files</Filter>
    </ClInclude>
  </ItemGroup>
</Project>